
Microsoft Visual Studio Solution File, Format Version 12.00
# Visual Studio Version 17
VisualStudioVersion = 17.8.34408.163
MinimumVisualStudioVersion = 10.0.40219.1
Project("{FAE04EC0-301F-11D3-BF4B-00C04F79EFBC}") = "GraphQLClient", "GraphQLClient.csproj", "{A450C8BD-0EBE-4FEA-96E0-2C0CCB41B7C5}"
EndProject
Project("{2150E333-8FDC-42A3-9474-1A3956D46DE8}") = "dab", "dab", "{0EB145D0-ECB7-4174-8A54-ACDD599A7B36}"
	ProjectSection(SolutionItems) = preProject
		..\..\dab\dab\.env = ..\..\dab\dab\.env
		..\..\dab\dab\dab-config.json = ..\..\dab\dab\dab-config.json
		..\..\dab\dab\schema.gql = ..\..\dab\dab\schema.gql
	EndProjectSection
EndProject
Global
	GlobalSection(SolutionConfigurationPlatforms) = preSolution
		Debug|Any CPU = Debug|Any CPU
		Release|Any CPU = Release|Any CPU
	EndGlobalSection
	GlobalSection(ProjectConfigurationPlatforms) = postSolution
		{A450C8BD-0EBE-4FEA-96E0-2C0CCB41B7C5}.Debug|Any CPU.ActiveCfg = Debug|Any CPU
		{A450C8BD-0EBE-4FEA-96E0-2C0CCB41B7C5}.Debug|Any CPU.Build.0 = Debug|Any CPU
		{A450C8BD-0EBE-4FEA-96E0-2C0CCB41B7C5}.Release|Any CPU.ActiveCfg = Release|Any CPU
		{A450C8BD-0EBE-4FEA-96E0-2C0CCB41B7C5}.Release|Any CPU.Build.0 = Release|Any CPU
	EndGlobalSection
	GlobalSection(SolutionProperties) = preSolution
		HideSolutionNode = FALSE
	EndGlobalSection
	GlobalSection(ExtensibilityGlobals) = postSolution
		SolutionGuid = {3B89193A-FE2F-4B1D-AC0A-D0E3426F9B81}
	EndGlobalSection
EndGlobal
